{
  "name": "pundle-plugin-dedupe",
  "version": "2.0.0-beta26",
  "lockfileVersion": 1,
  "requires": true,
  "dependencies": {
    "ignore": {
      "version": "3.3.10",
      "resolved": "https://registry.npmjs.org/ignore/-/ignore-3.3.10.tgz",
      "integrity": "sha512-Pgs951kaMm5GXP7MOvxERINe3gsaVjUWFm+UZPSq9xYriQAksyhg0csnS0KXSNRD5NmNdapXEpjxG49+AKh/ug=="
    },
    "lodash.uniq": {
      "version": "4.5.0",
      "resolved": "https://registry.npmjs.org/lodash.uniq/-/lodash.uniq-4.5.0.tgz",
      "integrity": "sha512-xfBaXQd9ryd9dlSDvnvI0lvxfLJlYAZzXomUYzLKtUeOQvOP5piqAWuGtrhWeqaXK9hhoM/iyJc5AV+XfsX3HQ=="
    },
    "merge-source-map": {
      "version": "1.1.0",
      "resolved": "https://registry.npmjs.org/merge-source-map/-/merge-source-map-1.1.0.tgz",
      "integrity": "sha512-Qkcp7P2ygktpMPh2mCQZaf3jhN6D3Z/qVZHSdWvQ+2Ef5HgRAPBO57A77+ENm0CPx2+1Ce/MYKi3ymqdfuqibw==",
      "requires": {
        "source-map": "^0.6.1"
      }
    },
    "pundle-api": {
      "version": "2.0.0-beta26",
      "resolved": "https://registry.npmjs.org/pundle-api/-/pundle-api-2.0.0-beta26.tgz",
      "integrity": "sha512-QCGcrwZJ38S2QkYM6un25JCzvpfUa7SU45Abo9YYl0DKFNpLixm8t6J4wMK66HQRY9kdWyCZjouAGnlXnyQvlw==",
      "requires": {
        "ignore": "^3.2.0",
        "lodash.uniq": "^4.5.0",
        "merge-source-map": "^1.0.3",
        "sb-event-kit": "^3.0.0"
      }
    },
    "sb-event-kit": {
      "version": "3.1.0",
      "resolved": "https://registry.npmjs.org/sb-event-kit/-/sb-event-kit-3.1.0.tgz",
      "integrity": "sha512-66OAKSQHGYEyfsdWZTiig2wt8i0Z/8hDmgsvWtwWh12YRxloSFM+lWAJ6JAeMEOb+pYXop5rFJ0BOD94XwrHRA=="
    },
    "semver": {
      "version": "5.7.2",
      "resolved": "https://registry.npmjs.org/semver/-/semver-5.7.2.tgz",
      "integrity": "sha512-cBznnQ9KjJqU67B52RMC65CMarK2600WFnbkcaiwWq3xy/5haFJlshgnpjovMVJ+Hff49d8GEn0b87C5pDQ10g=="
    },
    "source-map": {
      "version": "0.6.1",
      "resolved": "https://registry.npmjs.org/source-map/-/source-map-0.6.1.tgz",
      "integrity": "sha512-UjgapumWlbMhkBgzT7Ykc5YXUT46F0iKu8SGXq0bcwP5dz/h0Plj6enJqjz1Zbq2l5WaqYnrVbwWOWMyF3F47g=="
    }
  }
}
